
Microsoft Visual Studio Solution File, Format Version 12.00
# Visual Studio Version 17
VisualStudioVersion = 17.3.32825.248
MinimumVisualStudioVersion = 10.0.40219.1
Project("{FAE04EC0-301F-11D3-BF4B-00C04F79EFBC}") = "GreenCapture", "GreenCapture\GreenCapture.csproj", "{EFAAED9E-26EF-4D8C-B090-4EE5D725F6B0}"
EndProject
Global
	GlobalSection(SolutionConfigurationPlatforms) = preSolution
		Debug|Any CPU = Debug|Any CPU
		Release|Any CPU = Release|Any CPU
	EndGlobalSection
	GlobalSection(ProjectConfigurationPlatforms) = postSolution
		{EFAAED9E-26EF-4D8C-B090-4EE5D725F6B0}.Debug|Any CPU.ActiveCfg = Debug|Any CPU
		{EFAAED9E-26EF-4D8C-B090-4EE5D725F6B0}.Debug|Any CPU.Build.0 = Debug|Any CPU
		{EFAAED9E-26EF-4D8C-B090-4EE5D725F6B0}.Release|Any CPU.ActiveCfg = Release|Any CPU
		{EFAAED9E-26EF-4D8C-B090-4EE5D725F6B0}.Release|Any CPU.Build.0 = Release|Any CPU
	EndGlobalSection
	GlobalSection(SolutionProperties) = preSolution
		HideSolutionNode = FALSE
	EndGlobalSection
	GlobalSection(ExtensibilityGlobals) = postSolution
		SolutionGuid = {52D440CF-A7FF-4BBB-9C53-D533F2611029}
	EndGlobalSection
EndGlobal
